
Microsoft Visual Studio Solution File, Format Version 12.00
# Visual Studio Version 17
VisualStudioVersion = 17.9.34622.214
MinimumVisualStudioVersion = 10.0.40219.1
Project("{9A19103F-16F7-4668-BE54-9A1E7A4F7556}") = "Dane", "Dane\Dane.csproj", "{D7A698DB-C818-484E-AB1E-A51FA0647CF5}"
EndProject
Project("{FAE04EC0-301F-11D3-BF4B-00C04F79EFBC}") = "Logika", "Logika\Logika.csproj", "{773207E8-9849-4953-9D19-7BCCBFD514C0}"
EndProject
Project("{FAE04EC0-301F-11D3-BF4B-00C04F79EFBC}") = "Prezentacja", "Prezentacja\Prezentacja.csproj", "{D8ECB032-68EF-445D-861E-EEC08A42FFBF}"
EndProject
Global
	GlobalSection(SolutionConfigurationPlatforms) = preSolution
		Debug|Any CPU = Debug|Any CPU
		Release|Any CPU = Release|Any CPU
	EndGlobalSection
	GlobalSection(ProjectConfigurationPlatforms) = postSolution
		{D7A698DB-C818-484E-AB1E-A51FA0647CF5}.Debug|Any CPU.ActiveCfg = Debug|Any CPU
		{D7A698DB-C818-484E-AB1E-A51FA0647CF5}.Debug|Any CPU.Build.0 = Debug|Any CPU
		{D7A698DB-C818-484E-AB1E-A51FA0647CF5}.Release|Any CPU.ActiveCfg = Release|Any CPU
		{D7A698DB-C818-484E-AB1E-A51FA0647CF5}.Release|Any CPU.Build.0 = Release|Any CPU
		{773207E8-9849-4953-9D19-7BCCBFD514C0}.Debug|Any CPU.ActiveCfg = Debug|Any CPU
		{773207E8-9849-4953-9D19-7BCCBFD514C0}.Debug|Any CPU.Build.0 = Debug|Any CPU
		{773207E8-9849-4953-9D19-7BCCBFD514C0}.Release|Any CPU.ActiveCfg = Release|Any CPU
		{773207E8-9849-4953-9D19-7BCCBFD514C0}.Release|Any CPU.Build.0 = Release|Any CPU
		{D8ECB032-68EF-445D-861E-EEC08A42FFBF}.Debug|Any CPU.ActiveCfg = Debug|Any CPU
		{D8ECB032-68EF-445D-861E-EEC08A42FFBF}.Debug|Any CPU.Build.0 = Debug|Any CPU
		{D8ECB032-68EF-445D-861E-EEC08A42FFBF}.Release|Any CPU.ActiveCfg = Release|Any CPU
		{D8ECB032-68EF-445D-861E-EEC08A42FFBF}.Release|Any CPU.Build.0 = Release|Any CPU
	EndGlobalSection
	GlobalSection(SolutionProperties) = preSolution
		HideSolutionNode = FALSE
	EndGlobalSection
	GlobalSection(ExtensibilityGlobals) = postSolution
		SolutionGuid = {D74877FC-2D21-4F55-B1DC-A8F5CB5C1C1B}
	EndGlobalSection
EndGlobal
